
Microsoft Visual Studio Solution File, Format Version 12.00
# Visual Studio Version 16
VisualStudioVersion = 16.0.31729.503
MinimumVisualStudioVersion = 10.0.40219.1
Project("{FAE04EC0-301F-11D3-BF4B-00C04F79EFBC}") = "ContactBookApp", "ContactBookApp\ContactBookApp.csproj", "{5A23943A-64FE-4E36-B533-A1A029826369}"
EndProject
Project("{FAE04EC0-301F-11D3-BF4B-00C04F79EFBC}") = "BusinessLayer", "BusinessLayer\BusinessLayer.csproj", "{951C6D2D-9CC4-4B64-BEE0-F8C4BA651F4E}"
EndProject
Project("{FAE04EC0-301F-11D3-BF4B-00C04F79EFBC}") = "DataLayer", "DataLayer\DataLayer.csproj", "{5A1E3824-0D7B-4D41-B4FE-A4A330838679}"
EndProject
Global
	GlobalSection(SolutionConfigurationPlatforms) = preSolution
		Debug|Any CPU = Debug|Any CPU
		Release|Any CPU = Release|Any CPU
	EndGlobalSection
	GlobalSection(ProjectConfigurationPlatforms) = postSolution
		{5A23943A-64FE-4E36-B533-A1A029826369}.Debug|Any CPU.ActiveCfg = Debug|Any CPU
		{5A23943A-64FE-4E36-B533-A1A029826369}.Debug|Any CPU.Build.0 = Debug|Any CPU
		{5A23943A-64FE-4E36-B533-A1A029826369}.Release|Any CPU.ActiveCfg = Release|Any CPU
		{5A23943A-64FE-4E36-B533-A1A029826369}.Release|Any CPU.Build.0 = Release|Any CPU
		{951C6D2D-9CC4-4B64-BEE0-F8C4BA651F4E}.Debug|Any CPU.ActiveCfg = Debug|Any CPU
		{951C6D2D-9CC4-4B64-BEE0-F8C4BA651F4E}.Debug|Any CPU.Build.0 = Debug|Any CPU
		{951C6D2D-9CC4-4B64-BEE0-F8C4BA651F4E}.Release|Any CPU.ActiveCfg = Release|Any CPU
		{951C6D2D-9CC4-4B64-BEE0-F8C4BA651F4E}.Release|Any CPU.Build.0 = Release|Any CPU
		{5A1E3824-0D7B-4D41-B4FE-A4A330838679}.Debug|Any CPU.ActiveCfg = Debug|Any CPU
		{5A1E3824-0D7B-4D41-B4FE-A4A330838679}.Debug|Any CPU.Build.0 = Debug|Any CPU
		{5A1E3824-0D7B-4D41-B4FE-A4A330838679}.Release|Any CPU.ActiveCfg = Release|Any CPU
		{5A1E3824-0D7B-4D41-B4FE-A4A330838679}.Release|Any CPU.Build.0 = Release|Any CPU
	EndGlobalSection
	GlobalSection(SolutionProperties) = preSolution
		HideSolutionNode = FALSE
	EndGlobalSection
	GlobalSection(ExtensibilityGlobals) = postSolution
		SolutionGuid = {AF785BF5-C554-4179-9459-D3B4081067AE}
	EndGlobalSection
EndGlobal
